
Microsoft Visual Studio Solution File, Format Version 12.00
# Visual Studio Version 17
VisualStudioVersion = 17.2.32519.379
MinimumVisualStudioVersion = 10.0.40219.1
Project("{FAE04EC0-301F-11D3-BF4B-00C04F79EFBC}") = "Cinema", "Cinema.csproj", "{53F9932E-C1DA-4C14-AC72-A1C7604BFB6A}"
EndProject
Project("{FAE04EC0-301F-11D3-BF4B-00C04F79EFBC}") = "TestCinemaProject", "..\TestCinemaProject\TestCinemaProject.csproj", "{1CF31BF7-0B9B-4BDD-83CD-14EB7FB73BF7}"
EndProject
Global
	GlobalSection(SolutionConfigurationPlatforms) = preSolution
		Debug|Any CPU = Debug|Any CPU
		Release|Any CPU = Release|Any CPU
	EndGlobalSection
	GlobalSection(ProjectConfigurationPlatforms) = postSolution
		{53F9932E-C1DA-4C14-AC72-A1C7604BFB6A}.Debug|Any CPU.ActiveCfg = Debug|Any CPU
		{53F9932E-C1DA-4C14-AC72-A1C7604BFB6A}.Debug|Any CPU.Build.0 = Debug|Any CPU
		{53F9932E-C1DA-4C14-AC72-A1C7604BFB6A}.Release|Any CPU.ActiveCfg = Release|Any CPU
		{53F9932E-C1DA-4C14-AC72-A1C7604BFB6A}.Release|Any CPU.Build.0 = Release|Any CPU
		{1CF31BF7-0B9B-4BDD-83CD-14EB7FB73BF7}.Debug|Any CPU.ActiveCfg = Debug|Any CPU
		{1CF31BF7-0B9B-4BDD-83CD-14EB7FB73BF7}.Debug|Any CPU.Build.0 = Debug|Any CPU
		{1CF31BF7-0B9B-4BDD-83CD-14EB7FB73BF7}.Release|Any CPU.ActiveCfg = Release|Any CPU
		{1CF31BF7-0B9B-4BDD-83CD-14EB7FB73BF7}.Release|Any CPU.Build.0 = Release|Any CPU
	EndGlobalSection
	GlobalSection(SolutionProperties) = preSolution
		HideSolutionNode = FALSE
	EndGlobalSection
	GlobalSection(ExtensibilityGlobals) = postSolution
		SolutionGuid = {7E56D7FD-D17A-4757-BC2E-687C1FF03159}
	EndGlobalSection
EndGlobal
